
Microsoft Visual Studio Solution File, Format Version 12.00
# Visual Studio 2012
Project("{8BC9CEB8-8B4A-11D0-8D11-00A0C91BC942}") = "tcpechosrv", "tcpechosrv\tcpechosrv.vcxproj", "{4B30A72C-BCB3-4C97-A6BC-89DC08516F0D}"
EndProject
Project("{8BC9CEB8-8B4A-11D0-8D11-00A0C91BC942}") = "tcpechoclient", "tcpechoclient\tcpechoclient.vcxproj", "{1EEA0751-7876-4139-ADC5-F2BC8F42C2C7}"
EndProject
Global
	GlobalSection(SolutionConfigurationPlatforms) = preSolution
		Debug|Win32 = Debug|Win32
		Release|Win32 = Release|Win32
	EndGlobalSection
	GlobalSection(ProjectConfigurationPlatforms) = postSolution
		{4B30A72C-BCB3-4C97-A6BC-89DC08516F0D}.Debug|Win32.ActiveCfg = Debug|Win32
		{4B30A72C-BCB3-4C97-A6BC-89DC08516F0D}.Debug|Win32.Build.0 = Debug|Win32
		{4B30A72C-BCB3-4C97-A6BC-89DC08516F0D}.Release|Win32.ActiveCfg = Release|Win32
		{4B30A72C-BCB3-4C97-A6BC-89DC08516F0D}.Release|Win32.Build.0 = Release|Win32
		{1EEA0751-7876-4139-ADC5-F2BC8F42C2C7}.Debug|Win32.ActiveCfg = Debug|Win32
		{1EEA0751-7876-4139-ADC5-F2BC8F42C2C7}.Debug|Win32.Build.0 = Debug|Win32
		{1EEA0751-7876-4139-ADC5-F2BC8F42C2C7}.Release|Win32.ActiveCfg = Release|Win32
		{1EEA0751-7876-4139-ADC5-F2BC8F42C2C7}.Release|Win32.Build.0 = Release|Win32
	EndGlobalSection
	GlobalSection(SolutionProperties) = preSolution
		HideSolutionNode = FALSE
	EndGlobalSection
EndGlobal
